{
  "version": "2",
  "remote": {
    "https://deno.land/std@0.105.0/encoding/base64.ts": "eecae390f1f1d1cae6f6c6d732ede5276bf4b9cd29b1d281678c054dc5cc009e",
    "https://deno.land/std@0.105.0/encoding/base64url.ts": "7160c189140857342eb34a1fb4b9c7fc566d61f4d1d2586054966c8860b14c6a",
    "https://deno.land/std@0.118.0/_util/assert.ts": "2f868145a042a11d5ad0a3c748dcf580add8a0dbc0e876eaa0026303a5488f58",
    "https://deno.land/std@0.118.0/_util/os.ts": "dfb186cc4e968c770ab6cc3288bd65f4871be03b93beecae57d657232ecffcac",
    "https://deno.land/std@0.118.0/path/_constants.ts": "1247fee4a79b70c89f23499691ef169b41b6ccf01887a0abd131009c5581b853",
    "https://deno.land/std@0.118.0/path/_interface.ts": "1fa73b02aaa24867e481a48492b44f2598cd9dfa513c7b34001437007d3642e4",
    "https://deno.land/std@0.118.0/path/_util.ts": "2e06a3b9e79beaf62687196bd4b60a4c391d862cfa007a20fc3a39f778ba073b",
    "https://deno.land/std@0.118.0/path/common.ts": "f41a38a0719a1e85aa11c6ba3bea5e37c15dd009d705bd8873f94c833568cbc4",
    "https://deno.land/std@0.118.0/path/glob.ts": "ea87985765b977cc284b92771003b2070c440e0807c90e1eb0ff3e095911a820",
    "https://deno.land/std@0.118.0/path/mod.ts": "4465dc494f271b02569edbb4a18d727063b5dbd6ed84283ff906260970a15d12",
    "https://deno.land/std@0.118.0/path/posix.ts": "34349174b9cd121625a2810837a82dd8b986bbaaad5ade690d1de75bbb4555b2",
    "https://deno.land/std@0.118.0/path/separator.ts": "8fdcf289b1b76fd726a508f57d3370ca029ae6976fcde5044007f062e643ff1c",
    "https://deno.land/std@0.118.0/path/win32.ts": "11549e8c6df8307a8efcfa47ad7b2a75da743eac7d4c89c9723a944661c8bd2e",
    "https://deno.land/std@0.132.0/_util/assert.ts": "e94f2eb37cebd7f199952e242c77654e43333c1ac4c5c700e929ea3aa5489f74",
    "https://deno.land/std@0.132.0/_util/os.ts": "49b92edea1e82ba295ec946de8ffd956ed123e2948d9bd1d3e901b04e4307617",
    "https://deno.land/std@0.132.0/bytes/bytes_list.ts": "67eb118e0b7891d2f389dad4add35856f4ad5faab46318ff99653456c23b025d",
    "https://deno.land/std@0.132.0/bytes/equals.ts": "fc16dff2090cced02497f16483de123dfa91e591029f985029193dfaa9d894c9",
    "https://deno.land/std@0.132.0/bytes/mod.ts": "d3b455c0dbd4804644159d1e25946ade5ee385d2359894de49e2c6101b18b7a9",
    "https://deno.land/std@0.132.0/datetime/formatter.ts": "7c8e6d16a0950f400aef41b9f1eb9168249869776ec520265dfda785d746589e",
    "https://deno.land/std@0.132.0/datetime/mod.ts": "27aae0c61818132e61f02bbce8418e938a974694dc08e791301e374cc00822c2",
    "https://deno.land/std@0.132.0/datetime/tokenizer.ts": "7381e28f6ab51cb504c7e132be31773d73ef2f3e1e50a812736962b9df1e8c47",
    "https://deno.land/std@0.132.0/encoding/base64.ts": "c8c16b4adaa60d7a8eee047c73ece26844435e8f7f1328d74593dbb2dd58ea4f",
    "https://deno.land/std@0.132.0/encoding/hex.ts": "7f023e1e51cfd6b189682e602e8640939e7be71a300a2fcf3daf8f84dc609bbc",
    "https://deno.land/std@0.132.0/fmt/colors.ts": "30455035d6d728394781c10755351742dd731e3db6771b1843f9b9e490104d37",
    "https://deno.land/std@0.132.0/fs/_util.ts": "0fb24eb4bfebc2c194fb1afdb42b9c3dda12e368f43e8f2321f84fc77d42cb0f",
    "https://deno.land/std@0.132.0/fs/exists.ts": "cb734d872f8554ea40b8bff77ad33d4143c1187eac621a55bf37781a43c56f6d",
    "https://deno.land/std@0.132.0/fs/move.ts": "0573cedcf583f09a9494f2dfccbf67de68a93629942d6b5e6e74a9e45d4e8a2e",
    "https://deno.land/std@0.132.0/hash/_wasm/hash.ts": "c7535aea17d093b51204124e01a45d2924971b584b31893bf3628dafbd466852",
    "https://deno.land/std@0.132.0/hash/_wasm/wasm.js": "030357a5b58631dfe1ae8c54ef8b481f8abd7c5d06e59b402f090f6672c8ee8e",
    "https://deno.land/std@0.132.0/hash/hasher.ts": "42fa30957370d69d22800a901ee147a2539b2b8cf3a9000737a4b0fb2317bb8f",
    "https://deno.land/std@0.132.0/hash/mod.ts": "69943ac4b036f0699994c7ff75415233fb042591b737d9e0c8cd601dda1b84b3",
    "https://deno.land/std@0.132.0/http/cookie.ts": "526f27762fad7bf84fbe491de7eba7c406057501eec6edcad7884a16b242fddf",
    "https://deno.land/std@0.132.0/http/http_status.ts": "71838ad33cb03ff2575f5e8fdea5f930979cdff8a81c11ade497f11d4c026019",
    "https://deno.land/std@0.132.0/io/buffer.ts": "bd0c4bf53db4b4be916ca5963e454bddfd3fcd45039041ea161dbf826817822b",
    "https://deno.land/std@0.132.0/io/bufio.ts": "6892debf4476ba48591f47eadfde232a04f8d3ddaaf134f659234b09ea5d9c40",
    "https://deno.land/std@0.132.0/io/files.ts": "d199ef64e918a256320ba8d8d44ae91de87c9077df8f8d6cca013f1b9fbbe285",
    "https://deno.land/std@0.132.0/io/readers.ts": "679471f3b9929b54393c9cd75b6bd178b4bc6d9aab5c0f1f9538f862cf4746fe",
    "https://deno.land/std@0.132.0/io/streams.ts": "988a19155b52161f0035ce539e2f1d12edbc4c389fa7633da832a64e6edbe1a0",
    "https://deno.land/std@0.132.0/io/types.d.ts": "01f60ae7ec02675b5dbed150d258fc184a78dfe5c209ef53ba4422b46b58822c",
    "https://deno.land/std@0.132.0/io/util.ts": "078da53bba767bec0d45f7da44411f6dbf269e51ef7fcfea5e3714e04681c674",
    "https://deno.land/std@0.132.0/mime/mod.ts": "c66268a4214b92d0b9e113323b97288e9d8d7c19cfaef26dcfd93d951e098f4e",
    "https://deno.land/std@0.132.0/mime/multipart.ts": "6c7069a0a33456bee9f0417c346e9934da8f6df0e84417fd0feaf48db9e01d4f",
    "https://deno.land/std@0.132.0/path/_constants.ts": "df1db3ffa6dd6d1252cc9617e5d72165cd2483df90e93833e13580687b6083c3",
    "https://deno.land/std@0.132.0/path/_interface.ts": "ee3b431a336b80cf445441109d089b70d87d5e248f4f90ff906820889ecf8d09",
    "https://deno.land/std@0.132.0/path/_util.ts": "c1e9686d0164e29f7d880b2158971d805b6e0efc3110d0b3e24e4b8af2190d2b",
    "https://deno.land/std@0.132.0/path/common.ts": "bee563630abd2d97f99d83c96c2fa0cca7cee103e8cb4e7699ec4d5db7bd2633",
    "https://deno.land/std@0.132.0/path/glob.ts": "cb5255638de1048973c3e69e420c77dc04f75755524cb3b2e160fe9277d939ee",
    "https://deno.land/std@0.132.0/path/mod.ts": "4275129bb766f0e475ecc5246aa35689eeade419d72a48355203f31802640be7",
    "https://deno.land/std@0.132.0/path/posix.ts": "663e4a6fe30a145f56aa41a22d95114c4c5582d8b57d2d7c9ed27ad2c47636bb",
    "https://deno.land/std@0.132.0/path/separator.ts": "fe1816cb765a8068afb3e8f13ad272351c85cbc739af56dacfc7d93d710fe0f9",
    "https://deno.land/std@0.132.0/path/win32.ts": "e7bdf63e8d9982b4d8a01ef5689425c93310ece950e517476e22af10f41a136e",
    "https://deno.land/std@0.132.0/streams/conversion.ts": "712585bfa0172a97fb68dd46e784ae8ad59d11b88079d6a4ab098ff42e697d21",
    "https://deno.land/std@0.132.0/testing/_diff.ts": "9d849cd6877694152e01775b2d93f9d6b7aef7e24bfe3bfafc4d7a1ac8e9f392",
    "https://deno.land/std@0.132.0/testing/asserts.ts": "b0ef969032882b1f7eb1c7571e313214baa1485f7b61cf35807b2434e254365c",
    "https://deno.land/std@0.132.0/textproto/mod.ts": "b78acf898a4e1f35eac9a955e07c84c70824662d918df988b22c0abcf2a9a987",
    "https://deno.land/std@0.132.0/uuid/_common.ts": "76e1fdfb03aecf733f7b3a5edc900f5734f2433b359fdb1535f8de72873bdb3f",
    "https://deno.land/std@0.132.0/uuid/mod.ts": "6c7355646b799bfada15cce67d346abfebb5625a406cfd00dc4416e92d121df9",
    "https://deno.land/std@0.132.0/uuid/v1.ts": "7123410ef9ce980a4f2e54a586ccde5ed7063f6f119a70d86eebd92f8e100295",
    "https://deno.land/std@0.132.0/uuid/v4.ts": "1f16be927bcca5cafb2408f3b2f205c2a4e54c58f56775770e2d3d20dfb21f70",
    "https://deno.land/std@0.132.0/uuid/v5.ts": "1cf2d86112afe0d5d291fbfc3b9729f3cf8524c4eb7d613011d029e45d6194f6",
    "https://deno.land/x/base64@v0.2.1/base.ts": "47dc8d68f07dc91524bdd6db36eccbe59cf4d935b5fc09f27357a3944bb3ff7b",
    "https://deno.land/x/base64@v0.2.1/base64url.ts": "18bbf879b31f1f32cca8adaa2b6885ae325c2cec6a66c5817b684ca12c46ad5e",
    "https://deno.land/x/base64@v0.2.1/mod.ts": "1cbdc4ba7229d3c6d1763fecdb9d46844777c7e153abb6dabea8b0dd01448db4",
    "https://deno.land/x/djwt@v2.3/algorithm.ts": "7bc9ea923ef2ee50a4ae659e5f10b030198ae5ca20033968cc9e647ef88cad00",
    "https://deno.land/x/djwt@v2.3/deps.ts": "c86e2f5c16a943b7f8c1a451dc1aa62684188d5e1929afaa4433460a1936195b",
    "https://deno.land/x/djwt@v2.3/mod.ts": "0cd32b70445f6f6d8b62f86562b6a56a92d9ce9345dfaea8272ba4e84d7b4f70",
    "https://deno.land/x/djwt@v2.3/signature.ts": "f79b4e521cd6a6dff28cd2779b1d9f2059f9e0822fb99c9f747ff34ae26532e4",
    "https://deno.land/x/media_types@v2.11.1/db.ts": "1eac2b1b57195e41d7e40d7b236a3adeb93b4fa18084b4c9db49144fe685c78d",
    "https://deno.land/x/media_types@v2.11.1/mod.ts": "1be09ec3626332f9fe52a8a9ede852bb76d2207f84bec1f1b16c10555478008f",
    "https://deno.land/x/secp256k1@1.2.9/index.ts": "9bbb91ac29da66f71d4290fdd1e59b4fbb3cbaed2ecebb56b3b8ca588ef95023",
    "https://deno.land/x/secp256k1@1.2.9/mod.ts": "a6632a5330c5c969ee9b6d5a5d744bed2bca52a54c0ea36448a23b8eef00499e",
    "https://raw.githubusercontent.com/chiefbiiko/hmac/master/deps.ts": "c2cb0fb44389a76b253cc27a1cadfbe9f03ede2ddea0d940b5389d683940217c",
    "https://raw.githubusercontent.com/chiefbiiko/hmac/master/mod.ts": "83590b95de468d0cf5398b7631b4fb62a64226786247fe265482045d799e8f97",
    "https://raw.githubusercontent.com/chiefbiiko/sha1/v2.0.0/deps.ts": "434b70f37ed145ca5259353c96fdee1e7d1cd8c6a32baad9dce2aedc79d0a3bc",
    "https://raw.githubusercontent.com/chiefbiiko/sha1/v2.0.0/mod.ts": "146a101c9776cc9c807053c93f23e4b321ade5251f65745df418f4a75d5fd27b",
    "https://raw.githubusercontent.com/chiefbiiko/sha256/v2.0.0/deps.ts": "434b70f37ed145ca5259353c96fdee1e7d1cd8c6a32baad9dce2aedc79d0a3bc",
    "https://raw.githubusercontent.com/chiefbiiko/sha256/v2.0.0/mod.ts": "f109aa5eeb201a0cbfaf44950b70a429838b187e8a84c5b810c1ac84953427cc",
    "https://raw.githubusercontent.com/chiefbiiko/sha512/v2.0.0/deps.ts": "434b70f37ed145ca5259353c96fdee1e7d1cd8c6a32baad9dce2aedc79d0a3bc",
    "https://raw.githubusercontent.com/chiefbiiko/sha512/v2.0.0/mod.ts": "33190babd4c0e748bb2568fd003444487c8798c8c3a618f6593098c12805fe15",
    "https://raw.githubusercontent.com/chiefbiiko/std-encoding/v1.1.1/mod.ts": "e61017da4cef146863d614a961b4e61f1df14b72c906092bd02161f913e76522"
  }
}
