{
  "name": "alosaur",
  "version": "0.0.0",
  "lockfileVersion": 1,
  "requires": true,
  "dependencies": {
    "get-caller-file": {
      "version": "1.0.3",
      "resolved": "https://registry.npmjs.org/get-caller-file/-/get-caller-file-1.0.3.tgz",
      "integrity": "sha512-3t6rVToeoZfYSGd8YoLFR2DJkiQrIiUrGcjvFX2mDw3bn6k2OtwHN0TNCLbBO+w8qTvimhDkv+LSscbJY1vE6w==",
      "dev": true
    },
    "mock-require": {
      "version": "3.0.3",
      "resolved": "https://registry.npmjs.org/mock-require/-/mock-require-3.0.3.tgz",
      "integrity": "sha512-lLzfLHcyc10MKQnNUCv7dMcoY/2Qxd6wJfbqCcVk3LDb8An4hF6ohk5AztrvgKhJCqj36uyzi/p5se+tvyD+Wg==",
      "dev": true,
      "requires": {
        "get-caller-file": "1.0.3",
        "normalize-path": "2.1.1"
      }
    },
    "normalize-path": {
      "version": "2.1.1",
      "resolved": "https://registry.npmjs.org/normalize-path/-/normalize-path-2.1.1.tgz",
      "integrity": "sha1-GrKLVW4Zg2Oowab35vogE3/mrtk=",
      "dev": true,
      "requires": {
        "remove-trailing-separator": "1.1.0"
      }
    },
    "remove-trailing-separator": {
      "version": "1.1.0",
      "resolved": "https://registry.npmjs.org/remove-trailing-separator/-/remove-trailing-separator-1.1.0.tgz",
      "integrity": "sha1-wkvOKig62tW8P1jg1IJJuSN52O8=",
      "dev": true
    },
    "typescript": {
      "version": "3.5.1",
      "resolved": "https://registry.npmjs.org/typescript/-/typescript-3.5.1.tgz",
      "integrity": "sha512-64HkdiRv1yYZsSe4xC1WVgamNigVYjlssIoaH2HcZF0+ijsk5YK2g0G34w9wJkze8+5ow4STd22AynfO6ZYYLw==",
      "dev": true
    },
    "typescript-deno-plugin": {
      "version": "1.2.4",
      "resolved": "https://registry.npmjs.org/typescript-deno-plugin/-/typescript-deno-plugin-1.2.4.tgz",
      "integrity": "sha512-E5NbeB1SwtjnAkUSYuSWhkI9scQU/DmCp34fNgBuzz54io7SjtHOpJoMx8xw9dzyctQ4TkG2QKh4ly17S4n1ug==",
      "dev": true,
      "requires": {
        "mock-require": "3.0.3"
      }
    }
  }
}
